
Microsoft Visual Studio Solution File, Format Version 12.00
# Visual Studio Version 17
VisualStudioVersion = 17.4.33213.308
MinimumVisualStudioVersion = 10.0.40219.1
Project("{FAE04EC0-301F-11D3-BF4B-00C04F79EFBC}") = "SistemaAluguelFilmesCMD", "SistemaAluguelFilmesCMD\SistemaAluguelFilmesCMD.csproj", "{DFAF4FED-A81C-40C1-B61D-B5E3AA1A49D2}"
EndProject
Global
	GlobalSection(SolutionConfigurationPlatforms) = preSolution
		Debug|Any CPU = Debug|Any CPU
		Release|Any CPU = Release|Any CPU
	EndGlobalSection
	GlobalSection(ProjectConfigurationPlatforms) = postSolution
		{DFAF4FED-A81C-40C1-B61D-B5E3AA1A49D2}.Debug|Any CPU.ActiveCfg = Debug|Any CPU
		{DFAF4FED-A81C-40C1-B61D-B5E3AA1A49D2}.Debug|Any CPU.Build.0 = Debug|Any CPU
		{DFAF4FED-A81C-40C1-B61D-B5E3AA1A49D2}.Release|Any CPU.ActiveCfg = Release|Any CPU
		{DFAF4FED-A81C-40C1-B61D-B5E3AA1A49D2}.Release|Any CPU.Build.0 = Release|Any CPU
	EndGlobalSection
	GlobalSection(SolutionProperties) = preSolution
		HideSolutionNode = FALSE
	EndGlobalSection
	GlobalSection(ExtensibilityGlobals) = postSolution
		SolutionGuid = {3E383E48-99E6-44D0-93B0-7BF9EF8942D2}
	EndGlobalSection
EndGlobal
